
Microsoft Visual Studio Solution File, Format Version 12.00
# Visual Studio Version 16
VisualStudioVersion = 16.0.29509.3
MinimumVisualStudioVersion = 10.0.40219.1
Project("{9A19103F-16F7-4668-BE54-9A1E7A4F7556}") = "TestSwagger", "TestSwagger\TestSwagger.csproj", "{0D10E34A-E8C1-4D03-A6C9-2BA56AE6D627}"
EndProject
Project("{FAE04EC0-301F-11D3-BF4B-00C04F79EFBC}") = "Common", "Common\Common.csproj", "{D319C0A5-301A-4702-9DA2-4BBC26FE0408}"
EndProject
Project("{FAE04EC0-301F-11D3-BF4B-00C04F79EFBC}") = "Client", "Client\Client.csproj", "{2EC00B70-3E65-415D-A273-58BBE71A328C}"
EndProject
Global
	GlobalSection(SolutionConfigurationPlatforms) = preSolution
		Debug|Any CPU = Debug|Any CPU
		Release|Any CPU = Release|Any CPU
	EndGlobalSection
	GlobalSection(ProjectConfigurationPlatforms) = postSolution
		{0D10E34A-E8C1-4D03-A6C9-2BA56AE6D627}.Debug|Any CPU.ActiveCfg = Debug|Any CPU
		{0D10E34A-E8C1-4D03-A6C9-2BA56AE6D627}.Debug|Any CPU.Build.0 = Debug|Any CPU
		{0D10E34A-E8C1-4D03-A6C9-2BA56AE6D627}.Release|Any CPU.ActiveCfg = Release|Any CPU
		{0D10E34A-E8C1-4D03-A6C9-2BA56AE6D627}.Release|Any CPU.Build.0 = Release|Any CPU
		{D319C0A5-301A-4702-9DA2-4BBC26FE0408}.Debug|Any CPU.ActiveCfg = Debug|Any CPU
		{D319C0A5-301A-4702-9DA2-4BBC26FE0408}.Debug|Any CPU.Build.0 = Debug|Any CPU
		{D319C0A5-301A-4702-9DA2-4BBC26FE0408}.Release|Any CPU.ActiveCfg = Release|Any CPU
		{D319C0A5-301A-4702-9DA2-4BBC26FE0408}.Release|Any CPU.Build.0 = Release|Any CPU
		{2EC00B70-3E65-415D-A273-58BBE71A328C}.Debug|Any CPU.ActiveCfg = Debug|Any CPU
		{2EC00B70-3E65-415D-A273-58BBE71A328C}.Debug|Any CPU.Build.0 = Debug|Any CPU
		{2EC00B70-3E65-415D-A273-58BBE71A328C}.Release|Any CPU.ActiveCfg = Release|Any CPU
		{2EC00B70-3E65-415D-A273-58BBE71A328C}.Release|Any CPU.Build.0 = Release|Any CPU
	EndGlobalSection
	GlobalSection(SolutionProperties) = preSolution
		HideSolutionNode = FALSE
	EndGlobalSection
	GlobalSection(ExtensibilityGlobals) = postSolution
		SolutionGuid = {551DCF75-3A19-42F2-828A-B40314EBC14F}
	EndGlobalSection
EndGlobal
